
Microsoft Visual Studio Solution File, Format Version 12.00
# Visual Studio Version 17
VisualStudioVersion = 17.11.35219.272
MinimumVisualStudioVersion = 10.0.40219.1
Project("{8BC9CEB8-8B4A-11D0-8D11-00A0C91BC942}") = "Demo_C++2017", "Demo\Demo_C++2017.vcxproj", "{10B29F16-74AE-41E8-BBB8-F8CF31D7F9C8}"
EndProject
Project("{8BC9CEB8-8B4A-11D0-8D11-00A0C91BC942}") = "QtGui", "QtGui\QtGui.vcxproj", "{A5FA458E-7658-468F-9F9B-2C1119134FD6}"
EndProject
Global
	GlobalSection(SolutionConfigurationPlatforms) = preSolution
		Debug|x64 = Debug|x64
		Debug|x86 = Debug|x86
		Release|x64 = Release|x64
		Release|x86 = Release|x86
	EndGlobalSection
	GlobalSection(ProjectConfigurationPlatforms) = postSolution
		{10B29F16-74AE-41E8-BBB8-F8CF31D7F9C8}.Debug|x64.ActiveCfg = Debug|x64
		{10B29F16-74AE-41E8-BBB8-F8CF31D7F9C8}.Debug|x64.Build.0 = Debug|x64
		{10B29F16-74AE-41E8-BBB8-F8CF31D7F9C8}.Debug|x86.ActiveCfg = Debug|Win32
		{10B29F16-74AE-41E8-BBB8-F8CF31D7F9C8}.Debug|x86.Build.0 = Debug|Win32
		{10B29F16-74AE-41E8-BBB8-F8CF31D7F9C8}.Release|x64.ActiveCfg = Release|x64
		{10B29F16-74AE-41E8-BBB8-F8CF31D7F9C8}.Release|x64.Build.0 = Release|x64
		{10B29F16-74AE-41E8-BBB8-F8CF31D7F9C8}.Release|x86.ActiveCfg = Release|Win32
		{10B29F16-74AE-41E8-BBB8-F8CF31D7F9C8}.Release|x86.Build.0 = Release|Win32
		{A5FA458E-7658-468F-9F9B-2C1119134FD6}.Debug|x64.ActiveCfg = Debug|x64
		{A5FA458E-7658-468F-9F9B-2C1119134FD6}.Debug|x64.Build.0 = Debug|x64
		{A5FA458E-7658-468F-9F9B-2C1119134FD6}.Debug|x86.ActiveCfg = Debug|x64
		{A5FA458E-7658-468F-9F9B-2C1119134FD6}.Debug|x86.Build.0 = Debug|x64
		{A5FA458E-7658-468F-9F9B-2C1119134FD6}.Release|x64.ActiveCfg = Release|x64
		{A5FA458E-7658-468F-9F9B-2C1119134FD6}.Release|x64.Build.0 = Release|x64
		{A5FA458E-7658-468F-9F9B-2C1119134FD6}.Release|x86.ActiveCfg = Release|x64
		{A5FA458E-7658-468F-9F9B-2C1119134FD6}.Release|x86.Build.0 = Release|x64
	EndGlobalSection
	GlobalSection(SolutionProperties) = preSolution
		HideSolutionNode = FALSE
	EndGlobalSection
	GlobalSection(ExtensibilityGlobals) = postSolution
		SolutionGuid = {36F3AC60-7271-4C2B-8757-40842C32E25A}
	EndGlobalSection
EndGlobal
